
Microsoft Visual Studio Solution File, Format Version 12.00
# Visual Studio 15
VisualStudioVersion = 15.0.28307.757
MinimumVisualStudioVersion = 10.0.40219.1
Project("{8BC9CEB8-8B4A-11D0-8D11-00A0C91BC942}") = "test", "test.vcxproj", "{B8DBD614-CB53-459C-A5D8-771F149B4836}"
EndProject
Global
	GlobalSection(SolutionConfigurationPlatforms) = preSolution
		Debug|x64 = Debug|x64
		Release|x64 = Release|x64
	EndGlobalSection
	GlobalSection(ProjectConfigurationPlatforms) = postSolution
		{B8DBD614-CB53-459C-A5D8-771F149B4836}.Debug|x64.ActiveCfg = Debug|x64
		{B8DBD614-CB53-459C-A5D8-771F149B4836}.Debug|x64.Build.0 = Debug|x64
		{B8DBD614-CB53-459C-A5D8-771F149B4836}.Release|x64.ActiveCfg = Release|x64
		{B8DBD614-CB53-459C-A5D8-771F149B4836}.Release|x64.Build.0 = Release|x64
	EndGlobalSection
	GlobalSection(SolutionProperties) = preSolution
		HideSolutionNode = FALSE
	EndGlobalSection
	GlobalSection(ExtensibilityGlobals) = postSolution
		SolutionGuid = {6D5D421C-02EB-4860-AA8D-8F5C521D0D9B}
	EndGlobalSection
EndGlobal
